
Microsoft Visual Studio Solution File, Format Version 12.00
# Visual Studio Version 17
VisualStudioVersion = 17.11.35312.102
MinimumVisualStudioVersion = 10.0.40219.1
Project("{FAE04EC0-301F-11D3-BF4B-00C04F79EFBC}") = "CodeScannerTest", "CodeScannerTest\CodeScannerTest.csproj", "{36F530FF-BF6E-4F4C-A7C5-AB8520A7F18F}"
EndProject
Global
	GlobalSection(SolutionConfigurationPlatforms) = preSolution
		Debug|Any CPU = Debug|Any CPU
		Release|Any CPU = Release|Any CPU
	EndGlobalSection
	GlobalSection(ProjectConfigurationPlatforms) = postSolution
		{36F530FF-BF6E-4F4C-A7C5-AB8520A7F18F}.Debug|Any CPU.ActiveCfg = Debug|Any CPU
		{36F530FF-BF6E-4F4C-A7C5-AB8520A7F18F}.Debug|Any CPU.Build.0 = Debug|Any CPU
		{36F530FF-BF6E-4F4C-A7C5-AB8520A7F18F}.Debug|Any CPU.Deploy.0 = Debug|Any CPU
		{36F530FF-BF6E-4F4C-A7C5-AB8520A7F18F}.Release|Any CPU.ActiveCfg = Release|Any CPU
		{36F530FF-BF6E-4F4C-A7C5-AB8520A7F18F}.Release|Any CPU.Build.0 = Release|Any CPU
		{36F530FF-BF6E-4F4C-A7C5-AB8520A7F18F}.Release|Any CPU.Deploy.0 = Release|Any CPU
	EndGlobalSection
	GlobalSection(SolutionProperties) = preSolution
		HideSolutionNode = FALSE
	EndGlobalSection
	GlobalSection(ExtensibilityGlobals) = postSolution
		SolutionGuid = {E1D59E42-DE71-42CF-8885-EC0BC4B9D2BF}
	EndGlobalSection
EndGlobal
